
Microsoft Visual Studio Solution File, Format Version 12.00
# Visual Studio Version 17
VisualStudioVersion = 17.11.35222.181
MinimumVisualStudioVersion = 10.0.40219.1
Project("{FAE04EC0-301F-11D3-BF4B-00C04F79EFBC}") = "RFD", "RFD.csproj", "{4CCAC41B-B3DE-4340-A47C-94476FE1C4ED}"
EndProject
Project("{FAE04EC0-301F-11D3-BF4B-00C04F79EFBC}") = "NPFGEO.LWD.Net", "..\NPFGEO.LWD.Net\NPFGEO.LWD.Net.csproj", "{31003D62-6F80-4610-BD04-114805B2F985}"
EndProject
Global
	GlobalSection(SolutionConfigurationPlatforms) = preSolution
		Debug|Any CPU = Debug|Any CPU
		Release|Any CPU = Release|Any CPU
	EndGlobalSection
	GlobalSection(ProjectConfigurationPlatforms) = postSolution
		{4CCAC41B-B3DE-4340-A47C-94476FE1C4ED}.Debug|Any CPU.ActiveCfg = Debug|Any CPU
		{4CCAC41B-B3DE-4340-A47C-94476FE1C4ED}.Debug|Any CPU.Build.0 = Debug|Any CPU
		{4CCAC41B-B3DE-4340-A47C-94476FE1C4ED}.Release|Any CPU.ActiveCfg = Release|Any CPU
		{4CCAC41B-B3DE-4340-A47C-94476FE1C4ED}.Release|Any CPU.Build.0 = Release|Any CPU
		{31003D62-6F80-4610-BD04-114805B2F985}.Debug|Any CPU.ActiveCfg = Debug|Any CPU
		{31003D62-6F80-4610-BD04-114805B2F985}.Debug|Any CPU.Build.0 = Debug|Any CPU
		{31003D62-6F80-4610-BD04-114805B2F985}.Release|Any CPU.ActiveCfg = Release|Any CPU
		{31003D62-6F80-4610-BD04-114805B2F985}.Release|Any CPU.Build.0 = Release|Any CPU
	EndGlobalSection
	GlobalSection(SolutionProperties) = preSolution
		HideSolutionNode = FALSE
	EndGlobalSection
	GlobalSection(ExtensibilityGlobals) = postSolution
		SolutionGuid = {FFDD102D-DBDF-4795-9F24-4390870218D0}
	EndGlobalSection
EndGlobal
